
Microsoft Visual Studio Solution File, Format Version 12.00
# Visual Studio Version 17
VisualStudioVersion = 17.13.35919.96 d17.13
MinimumVisualStudioVersion = 10.0.40219.1
Project("{FAE04EC0-301F-11D3-BF4B-00C04F79EFBC}") = "WalletAggregator", "WalletAggregator\WalletAggregator.csproj", "{F9D31ED3-F385-4571-B4CE-BD12F95A5288}"
EndProject
Global
	GlobalSection(SolutionConfigurationPlatforms) = preSolution
		Debug|Any CPU = Debug|Any CPU
		Release|Any CPU = Release|Any CPU
	EndGlobalSection
	GlobalSection(ProjectConfigurationPlatforms) = postSolution
		{F9D31ED3-F385-4571-B4CE-BD12F95A5288}.Debug|Any CPU.ActiveCfg = Debug|Any CPU
		{F9D31ED3-F385-4571-B4CE-BD12F95A5288}.Debug|Any CPU.Build.0 = Debug|Any CPU
		{F9D31ED3-F385-4571-B4CE-BD12F95A5288}.Release|Any CPU.ActiveCfg = Release|Any CPU
		{F9D31ED3-F385-4571-B4CE-BD12F95A5288}.Release|Any CPU.Build.0 = Release|Any CPU
	EndGlobalSection
	GlobalSection(SolutionProperties) = preSolution
		HideSolutionNode = FALSE
	EndGlobalSection
	GlobalSection(ExtensibilityGlobals) = postSolution
		SolutionGuid = {355757A7-3D44-4C1C-9884-642600DFC992}
	EndGlobalSection
EndGlobal
